
Microsoft Visual Studio Solution File, Format Version 12.00
# Visual Studio Version 17
VisualStudioVersion = 17.1.32228.430
MinimumVisualStudioVersion = 10.0.40219.1
Project("{FAE04EC0-301F-11D3-BF4B-00C04F79EFBC}") = "SmartlyDemoExam", "SmartlyDemoExam.csproj", "{E4AF4AE4-39B7-428F-AAC1-B5ADE84A362E}"
EndProject
Project("{2150E333-8FDC-42A3-9474-1A3956D46DE8}") = "Solution Items", "Solution Items", "{4FFA90BF-C642-41B0-9A5F-9FE82F891869}"
	ProjectSection(SolutionItems) = preProject
		.editorconfig = .editorconfig
	EndProjectSection
EndProject
Global
	GlobalSection(SolutionConfigurationPlatforms) = preSolution
		Debug|Any CPU = Debug|Any CPU
		Release|Any CPU = Release|Any CPU
	EndGlobalSection
	GlobalSection(ProjectConfigurationPlatforms) = postSolution
		{E4AF4AE4-39B7-428F-AAC1-B5ADE84A362E}.Debug|Any CPU.ActiveCfg = Debug|Any CPU
		{E4AF4AE4-39B7-428F-AAC1-B5ADE84A362E}.Debug|Any CPU.Build.0 = Debug|Any CPU
		{E4AF4AE4-39B7-428F-AAC1-B5ADE84A362E}.Release|Any CPU.ActiveCfg = Release|Any CPU
		{E4AF4AE4-39B7-428F-AAC1-B5ADE84A362E}.Release|Any CPU.Build.0 = Release|Any CPU
	EndGlobalSection
	GlobalSection(SolutionProperties) = preSolution
		HideSolutionNode = FALSE
	EndGlobalSection
	GlobalSection(ExtensibilityGlobals) = postSolution
		SolutionGuid = {FC0A57FF-6A32-4AF2-8007-017E8E6706A4}
	EndGlobalSection
EndGlobal
